// !$*UTF8*$!
{
	archiveVersion = 1;
	classes = {
	};
	objectVersion = 46;
	objects = {

/* Begin PBXBuildFile section */
		BB2BECF81D23707600A608BB /* AppDelegate.swift in Sources */ = {isa = PBXBuildFile; fileRef = BB2BECF71D23707600A608BB /* AppDelegate.swift */; };
		BB2BECFA1D23707600A608BB /* ViewController.swift in Sources */ = {isa = PBXBuildFile; fileRef = BB2BECF91D23707600A608BB /* ViewController.swift */; };
		BB2BECFD1D23707600A608BB /* Main.storyboard in Resources */ = {isa = PBXBuildFile; fileRef = BB2BECFB1D23707600A608BB /* Main.storyboard */; };
		BB2BECFF1D23707600A608BB /* Assets.xcassets in Resources */ = {isa = PBXBuildFile; fileRef = BB2BECFE1D23707600A608BB /* Assets.xcassets */; };
		BB2BED021D23707600A608BB /* LaunchScreen.storyboard in Resources */ = {isa = PBXBuildFile; fileRef = BB2BED001D23707600A608BB /* LaunchScreen.storyboard */; };
/* End PBXBuildFile section */

/* Begin PBXFileReference section */
		BB2BECF41D23707600A608BB /* Project13.app */ = {isa = PBXFileReference; explicitFileType = wrapper.application; includeInIndex = 0; path = Project13.app; sourceTree = BUILT_PRODUCTS_DIR; };
		BB2BECF71D23707600A608BB /* AppDelegate.swift */ = {isa = PBXFileReference; lastKnownFileType = sourcecode.swift; path = AppDelegate.swift; sourceTree = "<group>"; };
		BB2BECF91D23707600A608BB /* ViewController.swift */ = {isa = PBXFileReference; lastKnownFileType = sourcecode.swift; path = ViewController.swift; sourceTree = "<group>"; };
		BB2BECFC1D23707600A608BB /* Base */ = {isa = PBXFileReference; lastKnownFileType = file.storyboard; name = Base; path = Base.lproj/Main.storyboard; sourceTree = "<group>"; };
		BB2BECFE1D23707600A608BB /* Assets.xcassets */ = {isa = PBXFileReference; lastKnownFileType = folder.assetcatalog; path = Assets.xcassets; sourceTree = "<group>"; };
		BB2BED011D23707600A608BB /* Base */ = {isa = PBXFileReference; lastKnownFileType = file.storyboard; name = Base; path = Base.lproj/LaunchScreen.storyboard; sourceTree = "<group>"; };
		BB2BED031D23707600A608BB /* Info.plist */ = {isa = PBXFileReference; lastKnownFileType = text.plist.xml; path = Info.plist; sourceTree = "<group>"; };
/* End PBXFileReference section */

/* Begin PBXFrameworksBuildPhase section */
		BB2BECF11D23707600A608BB /* Frameworks */ = {
			isa = PBXFrameworksBuildPhase;
			buildActionMask = 2147483647;
			files = (
			);
			runOnlyForDeploymentPostprocessing = 0;
		};
/* End PBXFrameworksBuildPhase section */

/* Begin PBXGroup section */
		BB2BECEB1D23707600A608BB = {
			isa = PBXGroup;
			children = (
				BB2BECF61D23707600A608BB /* Project13 */,
				BB2BECF51D23707600A608BB /* Products */,
			);
			sourceTree = "<group>";
		};
		BB2BECF51D23707600A608BB /* Products */ = {
			isa = PBXGroup;
			children = (
				BB2BECF41D23707600A608BB /* Project13.app */,
			);
			name = Products;
			sourceTree = "<group>";
		};
		BB2BECF61D23707600A608BB /* Project13 */ = {
			isa = PBXGroup;
			children = (
				BB2BECF71D23707600A608BB /* AppDelegate.swift */,
				BB2BECF91D23707600A608BB /* ViewController.swift */,
				BB2BECFB1D23707600A608BB /* Main.storyboard */,
				BB2BECFE1D23707600A608BB /* Assets.xcassets */,
				BB2BED001D23707600A608BB /* LaunchScreen.storyboard */,
				BB2BED031D23707600A608BB /* Info.plist */,
			);
			path = Project13;
			sourceTree = "<group>";
		};
/* End PBXGroup section */

/* Begin PBXNativeTarget section */
		BB2BECF31D23707600A608BB /* Project13 */ = {
			isa = PBXNativeTarget;
			buildConfigurationList = BB2BED061D23707600A608BB /* Build configuration list for PBXNativeTarget "Project13" */;
			buildPhases = (
				BB2BECF01D23707600A608BB /* Sources */,
				BB2BECF11D23707600A608BB /* Frameworks */,
				BB2BECF21D23707600A608BB /* Resources */,
			);
			buildRules = (
			);
			dependencies = (
			);
			name = Project13;
			productName = Project13;
			productReference = BB2BECF41D23707600A608BB /* Project13.app */;
			productType = "com.apple.product-type.application";
		};
/* End PBXNativeTarget section */

/* Begin PBXProject section */
		BB2BECEC1D23707600A608BB /* Project object */ = {
			isa = PBXProject;
			attributes = {
				LastSwiftUpdateCheck = 0730;
				LastUpgradeCheck = 0730;
				ORGANIZATIONNAME = LambaG;
				TargetAttributes = {
					BB2BECF31D23707600A608BB = {
						CreatedOnToolsVersion = 7.3.1;
					};
				};
			};
			buildConfigurationList = BB2BECEF1D23707600A608BB /* Build configuration list for PBXProject "Project13" */;
			compatibilityVersion = "Xcode 3.2";
			developmentRegion = English;
			hasScannedForEncodings = 0;
			knownRegions = (
				en,
				Base,
			);
			mainGroup = BB2BECEB1D23707600A608BB;
			productRefGroup = BB2BECF51D23707600A608BB /* Products */;
			projectDirPath = "";
			projectRoot = "";
			targets = (
				BB2BECF31D23707600A608BB /* Project13 */,
			);
		};
/* End PBXProject section */

/* Begin PBXResourcesBuildPhase section */
		BB2BECF21D23707600A608BB /* Resources */ = {
			isa = PBXResourcesBuildPhase;
			buildActionMask = 2147483647;
			files = (
				BB2BED021D23707600A608BB /* LaunchScreen.storyboard in Resources */,
				BB2BECFF1D23707600A608BB /* Assets.xcassets in Resources */,
				BB2BECFD1D23707600A608BB /* Main.storyboard in Resources */,
			);
			runOnlyForDeploymentPostprocessing = 0;
		};
/* End PBXResourcesBuildPhase section */

/* Begin PBXSourcesBuildPhase section */
		BB2BECF01D23707600A608BB /* Sources */ = {
			isa = PBXSourcesBuildPhase;
			buildActionMask = 2147483647;
			files = (
				BB2BECFA1D23707600A608BB /* ViewController.swift in Sources */,
				BB2BECF81D23707600A608BB /* AppDelegate.swift in Sources */,
			);
			runOnlyForDeploymentPostprocessing = 0;
		};
/* End PBXSourcesBuildPhase section */

/* Begin PBXVariantGroup section */
		BB2BECFB1D23707600A608BB /* Main.storyboard */ = {
			isa = PBXVariantGroup;
			children = (
				BB2BECFC1D23707600A608BB /* Base */,
			);
			name = Main.storyboard;
			sourceTree = "<group>";
		};
		BB2BED001D23707600A608BB /* LaunchScreen.storyboard */ = {
			isa = PBXVariantGroup;
			children = (
				BB2BED011D23707600A608BB /* Base */,
			);
			name = LaunchScreen.storyboard;
			sourceTree = "<group>";
		};
/* End PBXVariantGroup section */

/* Begin XCBuildConfiguration section */
		BB2BED041D23707600A608BB /* Debug */ = {
			isa = XCBuildConfiguration;
			buildSettings = {
				ALWAYS_SEARCH_USER_PATHS = NO;
				CLANG_ANALYZER_NONNULL = YES;
				CLANG_CXX_LANGUAGE_STANDARD = "gnu++0x";
				CLANG_CXX_LIBRARY = "libc++";
				CLANG_ENABLE_MODULES = YES;
				CLANG_ENABLE_OBJC_ARC = YES;
				CLANG_WARN_BOOL_CONVERSION = YES;
				CLANG_WARN_CONSTANT_CONVERSION = YES;
				CLANG_WARN_DIRECT_OBJC_ISA_USAGE = YES_ERROR;
				CLANG_WARN_EMPTY_BODY = YES;
				CLANG_WARN_ENUM_CONVERSION = YES;
				CLANG_WARN_INT_CONVERSION = YES;
				CLANG_WARN_OBJC_ROOT_CLASS = YES_ERROR;
				CLANG_WARN_UNREACHABLE_CODE = YES;
				CLANG_WARN__DUPLICATE_METHOD_MATCH = YES;
				"CODE_SIGN_IDENTITY[sdk=iphoneos*]" = "iPhone Developer";
				COPY_PHASE_STRIP = NO;
				DEBUG_INFORMATION_FORMAT = dwarf;
				ENABLE_STRICT_OBJC_MSGSEND = YES;
				ENABLE_TESTABILITY = YES;
				GCC_C_LANGUAGE_STANDARD = gnu99;
				GCC_DYNAMIC_NO_PIC = NO;
				GCC_NO_COMMON_BLOCKS = YES;
				GCC_OPTIMIZATION_LEVEL = 0;
				GCC_PREPROCESSOR_DEFINITIONS = (
					"DEBUG=1",
					"$(inherited)",
				);
				GCC_WARN_64_TO_32_BIT_CONVERSION = YES;
				GCC_WARN_ABOUT_RETURN_TYPE = YES_ERROR;
				GCC_WARN_UNDECLARED_SELECTOR = YES;
				GCC_WARN_UNINITIALIZED_AUTOS = YES_AGGRESSIVE;
				GCC_WARN_UNUSED_FUNCTION = YES;
				GCC_WARN_UNUSED_VARIABLE = YES;
				IPHONEOS_DEPLOYMENT_TARGET = 9.3;
				MTL_ENABLE_DEBUG_INFO = YES;
				ONLY_ACTIVE_ARCH = YES;
				SDKROOT = iphoneos;
				SWIFT_OPTIMIZATION_LEVEL = "-Onone";
				TARGETED_DEVICE_FAMILY = "1,2";
			};
			name = Debug;
		};
		BB2BED051D23707600A608BB /* Release */ = {
			isa = XCBuildConfiguration;
			buildSettings = {
				ALWAYS_SEARCH_USER_PATHS = NO;
				CLANG_ANALYZER_NONNULL = YES;
				CLANG_CXX_LANGUAGE_STANDARD = "gnu++0x";
				CLANG_CXX_LIBRARY = "libc++";
				CLANG_ENABLE_MODULES = YES;
				CLANG_ENABLE_OBJC_ARC = YES;
				CLANG_WARN_BOOL_CONVERSION = YES;
				CLANG_WARN_CONSTANT_CONVERSION = YES;
				CLANG_WARN_DIRECT_OBJC_ISA_USAGE = YES_ERROR;
				CLANG_WARN_EMPTY_BODY = YES;
				CLANG_WARN_ENUM_CONVERSION = YES;
				CLANG_WARN_INT_CONVERSION = YES;
				CLANG_WARN_OBJC_ROOT_CLASS = YES_ERROR;
				CLANG_WARN_UNREACHABLE_CODE = YES;
				CLANG_WARN__DUPLICATE_METHOD_MATCH = YES;
				"CODE_SIGN_IDENTITY[sdk=iphoneos*]" = "iPhone Developer";
				COPY_PHASE_STRIP = NO;
				DEBUG_INFORMATION_FORMAT = "dwarf-with-dsym";
				ENABLE_NS_ASSERTIONS = NO;
				ENABLE_STRICT_OBJC_MSGSEND = YES;
				GCC_C_LANGUAGE_STANDARD = gnu99;
				GCC_NO_COMMON_BLOCKS = YES;
				GCC_WARN_64_TO_32_BIT_CONVERSION = YES;
				GCC_WARN_ABOUT_RETURN_TYPE = YES_ERROR;
				GCC_WARN_UNDECLARED_SELECTOR = YES;
				GCC_WARN_UNINITIALIZED_AUTOS = YES_AGGRESSIVE;
				GCC_WARN_UNUSED_FUNCTION = YES;
				GCC_WARN_UNUSED_VARIABLE = YES;
				IPHONEOS_DEPLOYMENT_TARGET = 9.3;
				MTL_ENABLE_DEBUG_INFO = NO;
				SDKROOT = iphoneos;
				TARGETED_DEVICE_FAMILY = "1,2";
				VALIDATE_PRODUCT = YES;
			};
			name = Release;
		};
		BB2BED071D23707600A608BB /* Debug */ = {
			isa = XCBuildConfiguration;
			buildSettings = {
				ASSETCATALOG_COMPILER_APPICON_NAME = AppIcon;
				INFOPLIST_FILE = Project13/Info.plist;
				LD_RUNPATH_SEARCH_PATHS = "$(inherited) @executable_path/Frameworks";
				PRODUCT_BUNDLE_IDENTIFIER = com.lambag.Project13;
				PRODUCT_NAME = "$(TARGET_NAME)";
			};
			name = Debug;
		};
		BB2BED081D23707600A608BB /* Release */ = {
			isa = XCBuildConfiguration;
			buildSettings = {
				ASSETCATALOG_COMPILER_APPICON_NAME = AppIcon;
				INFOPLIST_FILE = Project13/Info.plist;
				LD_RUNPATH_SEARCH_PATHS = "$(inherited) @executable_path/Frameworks";
				PRODUCT_BUNDLE_IDENTIFIER = com.lambag.Project13;
				PRODUCT_NAME = "$(TARGET_NAME)";
			};
			name = Release;
		};
/* End XCBuildConfiguration section */

/* Begin XCConfigurationList section */
		BB2BECEF1D23707600A608BB /* Build configuration list for PBXProject "Project13" */ = {
			isa = XCConfigurationList;
			buildConfigurations = (
				BB2BED041D23707600A608BB /* Debug */,
				BB2BED051D23707600A608BB /* Release */,
			);
			defaultConfigurationIsVisible = 0;
			defaultConfigurationName = Release;
		};
		BB2BED061D23707600A608BB /* Build configuration list for PBXNativeTarget "Project13" */ = {
			isa = XCConfigurationList;
			buildConfigurations = (
				BB2BED071D23707600A608BB /* Debug */,
				BB2BED081D23707600A608BB /* Release */,
			);
			defaultConfigurationIsVisible = 0;
		};
/* End XCConfigurationList section */
	};
	rootObject = BB2BECEC1D23707600A608BB /* Project object */;
}
